
Microsoft Visual Studio Solution File, Format Version 12.00
# Visual Studio Version 16
VisualStudioVersion = 16.0.810.16
MinimumVisualStudioVersion = 10.0.40219.1
Project("{FAE04EC0-301F-11D3-BF4B-00C04F79EFBC}") = "Blueshift01", "Blueshift01\Blueshift01.csproj", "{F4D5B2CB-64D7-400A-8971-52245EF96835}"
EndProject
Global
	GlobalSection(SolutionConfigurationPlatforms) = preSolution
		Debug|Any CPU = Debug|Any CPU
		Release|Any CPU = Release|Any CPU
	EndGlobalSection
	GlobalSection(ProjectConfigurationPlatforms) = postSolution
		{F4D5B2CB-64D7-400A-8971-52245EF96835}.Debug|Any CPU.ActiveCfg = Debug|Any CPU
		{F4D5B2CB-64D7-400A-8971-52245EF96835}.Debug|Any CPU.Build.0 = Debug|Any CPU
		{F4D5B2CB-64D7-400A-8971-52245EF96835}.Release|Any CPU.ActiveCfg = Release|Any CPU
		{F4D5B2CB-64D7-400A-8971-52245EF96835}.Release|Any CPU.Build.0 = Release|Any CPU
	EndGlobalSection
	GlobalSection(SolutionProperties) = preSolution
		HideSolutionNode = FALSE
	EndGlobalSection
	GlobalSection(ExtensibilityGlobals) = postSolution
		SolutionGuid = {87F12D96-96C2-4953-B018-8B2FC02FCD3A}
	EndGlobalSection
EndGlobal
